
Microsoft Visual Studio Solution File, Format Version 12.00
# Visual Studio Version 16
VisualStudioVersion = 16.0.31025.194
MinimumVisualStudioVersion = 10.0.40219.1
Project("{2150E333-8FDC-42A3-9474-1A3956D46DE8}") = "Features", "Features", "{DD2BA327-9AFC-491D-B10E-99C5537FE14C}"
EndProject
Project("{2150E333-8FDC-42A3-9474-1A3956D46DE8}") = "Autenticacao", "Autenticacao", "{EFB9DE98-C5AA-45E0-BBBB-D638151D8FD9}"
EndProject
Project("{9A19103F-16F7-4668-BE54-9A1E7A4F7556}") = "Autenticacao.Domain", "Features\Autenticacao\Autenticacao.Domain\Autenticacao.Domain.csproj", "{E6C802DE-22DE-466A-89D9-429BA4AD77BA}"
EndProject
Project("{9A19103F-16F7-4668-BE54-9A1E7A4F7556}") = "Autenticacao.Business", "Features\Autenticacao\Autenticacao.Business\Autenticacao.Business.csproj", "{340D00B2-0119-4291-9305-E3C4CA3EF6D6}"
EndProject
Project("{9A19103F-16F7-4668-BE54-9A1E7A4F7556}") = "Autenticacao.Infra", "Features\Autenticacao\Autenticacao.Infra\Autenticacao.Infra.csproj", "{25FA4E72-E138-4243-A926-40F0ED931F9D}"
EndProject
Project("{2150E333-8FDC-42A3-9474-1A3956D46DE8}") = "API", "API", "{A5D87826-EE3E-4EEB-9EA5-B02C811D0593}"
EndProject
Project("{9A19103F-16F7-4668-BE54-9A1E7A4F7556}") = "Paperless.API", "API\Paperless.API\Paperless.API.csproj", "{5A68A2AD-08A4-4B92-9521-7888952FCCDC}"
EndProject
Project("{2150E333-8FDC-42A3-9474-1A3956D46DE8}") = "Commons", "Commons", "{698E12A2-009F-445B-AA2A-2F5137A40A97}"
EndProject
Project("{9A19103F-16F7-4668-BE54-9A1E7A4F7556}") = "Paperless.Shared", "Commons\Paperless.Shared\Paperless.Shared.csproj", "{887A52D8-D8D7-439D-88BD-9DDC5F7DEFFF}"
EndProject
Project("{9A19103F-16F7-4668-BE54-9A1E7A4F7556}") = "Paperless.Init", "Commons\Paperless.Init\Paperless.Init.csproj", "{4739DDF2-F61A-4050-830C-251361192DBF}"
EndProject
Project("{2150E333-8FDC-42A3-9474-1A3956D46DE8}") = "Testes", "Testes", "{6F4CCE03-B551-4323-8CCD-F96F39A4786E}"
EndProject
Project("{9A19103F-16F7-4668-BE54-9A1E7A4F7556}") = "Autenticacao.Business.Testes", "Features\Autenticacao\Testes\Autenticacao.Business.Testes\Autenticacao.Business.Testes.csproj", "{CA214BEE-D57F-4DF7-B0F6-8B0DDC85BA72}"
EndProject
Project("{2150E333-8FDC-42A3-9474-1A3956D46DE8}") = "Colaborador", "Colaborador", "{9EEC8654-74AF-4478-B0F8-A4D420BA6973}"
EndProject
Project("{9A19103F-16F7-4668-BE54-9A1E7A4F7556}") = "Colaborador.Domain", "Features\Colaborador\Colaborador.Domain\Colaborador.Domain.csproj", "{79668CC0-CF38-4AAC-8DD3-70D79B8569C4}"
EndProject
Project("{9A19103F-16F7-4668-BE54-9A1E7A4F7556}") = "Colaborador.Business", "Features\Colaborador\Colaborador.Business\Colaborador.Business.csproj", "{A7212161-4683-4619-9D5A-9C2A6C83C8FC}"
EndProject
Project("{9A19103F-16F7-4668-BE54-9A1E7A4F7556}") = "Colaborador.Infra", "Features\Colaborador\Colaborador.Infra\Colaborador.Infra.csproj", "{04985EB4-10A1-4FDC-A99A-8ACE224E0811}"
EndProject
Project("{2150E333-8FDC-42A3-9474-1A3956D46DE8}") = "Testes", "Testes", "{717EF7AF-E1D4-41DF-B4F0-B514DFF90EF1}"
EndProject
Project("{9A19103F-16F7-4668-BE54-9A1E7A4F7556}") = "Colaborador.Business.Testes", "Features\Colaborador\Testes\Colaborador.Business.Testes\Colaborador.Business.Testes.csproj", "{AD78BEE3-BD36-4761-80DB-F2A01C7B1DD9}"
EndProject
Project("{9A19103F-16F7-4668-BE54-9A1E7A4F7556}") = "Autenticacao.Infra.Testes", "Features\Autenticacao\Testes\Autenticacao.Infra.Testes\Autenticacao.Infra.Testes.csproj", "{91004914-4D92-4029-BDB5-6B90E7BCED18}"
EndProject
Project("{2150E333-8FDC-42A3-9474-1A3956D46DE8}") = "Usuario", "Usuario", "{91358B8E-A7ED-4D17-8745-ED8E815AE583}"
EndProject
Project("{9A19103F-16F7-4668-BE54-9A1E7A4F7556}") = "Usuario.Domain", "Features\Usuario\Usuario.Domain\Usuario.Domain.csproj", "{C762DA98-A4F8-4909-BCCC-E29C7C408784}"
EndProject
Project("{9A19103F-16F7-4668-BE54-9A1E7A4F7556}") = "Usuario.Business", "Features\Usuario\Usuario.Business\Usuario.Business.csproj", "{9EAC64F6-57AC-494C-A17E-A49EBD5DA78E}"
EndProject
Project("{9A19103F-16F7-4668-BE54-9A1E7A4F7556}") = "Usuario.Infra", "Features\Usuario\Usuario.Infra\Usuario.Infra.csproj", "{BCDFC99D-FFAC-4AAA-B103-63C39C1C402E}"
EndProject
Project("{2150E333-8FDC-42A3-9474-1A3956D46DE8}") = "Testes", "Testes", "{7482FC07-CF9B-4C0C-9920-0059B919600D}"
EndProject
Project("{9A19103F-16F7-4668-BE54-9A1E7A4F7556}") = "Usuario.Business.Testes", "Features\Usuario\Testes\Usuario.Business.Testes\Usuario.Business.Testes.csproj", "{ECEAA542-1EFB-4E67-933B-649E8137F157}"
EndProject
Project("{2150E333-8FDC-42A3-9474-1A3956D46DE8}") = "Arquivo", "Arquivo", "{4625B783-FB34-4CFC-98DA-B1E73DCE7275}"
EndProject
Project("{9A19103F-16F7-4668-BE54-9A1E7A4F7556}") = "Arquivo.Domain", "Features\Arquivo\Arquivo.Domain\Arquivo.Domain.csproj", "{08598428-880E-4AD5-BB3F-0D5A04D40F8E}"
EndProject
Project("{9A19103F-16F7-4668-BE54-9A1E7A4F7556}") = "Arquivo.Business", "Features\Arquivo\Arquivo.Business\Arquivo.Business.csproj", "{984840C5-1C5E-4F9D-9F4E-4A2E8FE332FF}"
EndProject
Project("{9A19103F-16F7-4668-BE54-9A1E7A4F7556}") = "Arquivo.Infra", "Features\Arquivo\Arquivo.Infra\Arquivo.Infra.csproj", "{4718F3DF-EB52-4F69-90D0-25357558D07E}"
EndProject
Project("{2150E333-8FDC-42A3-9474-1A3956D46DE8}") = "Testes", "Testes", "{91929484-380F-4A41-B905-87D3BD0CA692}"
EndProject
Project("{9A19103F-16F7-4668-BE54-9A1E7A4F7556}") = "Usuario.Fixtures", "Features\Usuario\Testes\Usuario.Fixtures\Usuario.Fixtures.csproj", "{0379CA27-7C05-403C-BB49-71804A8535E1}"
EndProject
Project("{9A19103F-16F7-4668-BE54-9A1E7A4F7556}") = "Colaborador.Fixtures", "Features\Colaborador\Testes\Colaborador.Fixtures\Colaborador.Fixtures.csproj", "{8448C6B4-3E0E-4071-B952-A43683C9CAF5}"
EndProject
Project("{9A19103F-16F7-4668-BE54-9A1E7A4F7556}") = "Autenticacao.Fixtures", "Features\Autenticacao\Testes\Autenticacao.Fixtures\Autenticacao.Fixtures.csproj", "{32FF3BE8-A992-4C29-B506-9DBB29A9F673}"
EndProject
Project("{9A19103F-16F7-4668-BE54-9A1E7A4F7556}") = "Arquivo.Business.Testes", "Features\Arquivo\Testes\Arquivo.Business.Testes\Arquivo.Business.Testes.csproj", "{042EB28D-1AA1-4CB7-9344-BA62C9CC4CAC}"
EndProject
Project("{FAE04EC0-301F-11D3-BF4B-00C04F79EFBC}") = "Arquivo.Fixtures", "Features\Arquivo\Testes\Arquivo.Fixtures\Arquivo.Fixtures.csproj", "{BC1224FE-4D38-4D58-A4C2-EF3CC9824B16}"
EndProject
Global
	GlobalSection(SolutionConfigurationPlatforms) = preSolution
		Debug|Any CPU = Debug|Any CPU
		Release|Any CPU = Release|Any CPU
	EndGlobalSection
	GlobalSection(ProjectConfigurationPlatforms) = postSolution
		{E6C802DE-22DE-466A-89D9-429BA4AD77BA}.Debug|Any CPU.ActiveCfg = Debug|Any CPU
		{E6C802DE-22DE-466A-89D9-429BA4AD77BA}.Debug|Any CPU.Build.0 = Debug|Any CPU
		{E6C802DE-22DE-466A-89D9-429BA4AD77BA}.Release|Any CPU.ActiveCfg = Release|Any CPU
		{E6C802DE-22DE-466A-89D9-429BA4AD77BA}.Release|Any CPU.Build.0 = Release|Any CPU
		{340D00B2-0119-4291-9305-E3C4CA3EF6D6}.Debug|Any CPU.ActiveCfg = Debug|Any CPU
		{340D00B2-0119-4291-9305-E3C4CA3EF6D6}.Debug|Any CPU.Build.0 = Debug|Any CPU
		{340D00B2-0119-4291-9305-E3C4CA3EF6D6}.Release|Any CPU.ActiveCfg = Release|Any CPU
		{340D00B2-0119-4291-9305-E3C4CA3EF6D6}.Release|Any CPU.Build.0 = Release|Any CPU
		{25FA4E72-E138-4243-A926-40F0ED931F9D}.Debug|Any CPU.ActiveCfg = Debug|Any CPU
		{25FA4E72-E138-4243-A926-40F0ED931F9D}.Debug|Any CPU.Build.0 = Debug|Any CPU
		{25FA4E72-E138-4243-A926-40F0ED931F9D}.Release|Any CPU.ActiveCfg = Release|Any CPU
		{25FA4E72-E138-4243-A926-40F0ED931F9D}.Release|Any CPU.Build.0 = Release|Any CPU
		{5A68A2AD-08A4-4B92-9521-7888952FCCDC}.Debug|Any CPU.ActiveCfg = Debug|Any CPU
		{5A68A2AD-08A4-4B92-9521-7888952FCCDC}.Debug|Any CPU.Build.0 = Debug|Any CPU
		{5A68A2AD-08A4-4B92-9521-7888952FCCDC}.Release|Any CPU.ActiveCfg = Release|Any CPU
		{5A68A2AD-08A4-4B92-9521-7888952FCCDC}.Release|Any CPU.Build.0 = Release|Any CPU
		{887A52D8-D8D7-439D-88BD-9DDC5F7DEFFF}.Debug|Any CPU.ActiveCfg = Debug|Any CPU
		{887A52D8-D8D7-439D-88BD-9DDC5F7DEFFF}.Debug|Any CPU.Build.0 = Debug|Any CPU
		{887A52D8-D8D7-439D-88BD-9DDC5F7DEFFF}.Release|Any CPU.ActiveCfg = Release|Any CPU
		{887A52D8-D8D7-439D-88BD-9DDC5F7DEFFF}.Release|Any CPU.Build.0 = Release|Any CPU
		{4739DDF2-F61A-4050-830C-251361192DBF}.Debug|Any CPU.ActiveCfg = Debug|Any CPU
		{4739DDF2-F61A-4050-830C-251361192DBF}.Debug|Any CPU.Build.0 = Debug|Any CPU
		{4739DDF2-F61A-4050-830C-251361192DBF}.Release|Any CPU.ActiveCfg = Release|Any CPU
		{4739DDF2-F61A-4050-830C-251361192DBF}.Release|Any CPU.Build.0 = Release|Any CPU
		{CA214BEE-D57F-4DF7-B0F6-8B0DDC85BA72}.Debug|Any CPU.ActiveCfg = Debug|Any CPU
		{CA214BEE-D57F-4DF7-B0F6-8B0DDC85BA72}.Debug|Any CPU.Build.0 = Debug|Any CPU
		{CA214BEE-D57F-4DF7-B0F6-8B0DDC85BA72}.Release|Any CPU.ActiveCfg = Release|Any CPU
		{CA214BEE-D57F-4DF7-B0F6-8B0DDC85BA72}.Release|Any CPU.Build.0 = Release|Any CPU
		{79668CC0-CF38-4AAC-8DD3-70D79B8569C4}.Debug|Any CPU.ActiveCfg = Debug|Any CPU
		{79668CC0-CF38-4AAC-8DD3-70D79B8569C4}.Debug|Any CPU.Build.0 = Debug|Any CPU
		{79668CC0-CF38-4AAC-8DD3-70D79B8569C4}.Release|Any CPU.ActiveCfg = Release|Any CPU
		{79668CC0-CF38-4AAC-8DD3-70D79B8569C4}.Release|Any CPU.Build.0 = Release|Any CPU
		{A7212161-4683-4619-9D5A-9C2A6C83C8FC}.Debug|Any CPU.ActiveCfg = Debug|Any CPU
		{A7212161-4683-4619-9D5A-9C2A6C83C8FC}.Debug|Any CPU.Build.0 = Debug|Any CPU
		{A7212161-4683-4619-9D5A-9C2A6C83C8FC}.Release|Any CPU.ActiveCfg = Release|Any CPU
		{A7212161-4683-4619-9D5A-9C2A6C83C8FC}.Release|Any CPU.Build.0 = Release|Any CPU
		{04985EB4-10A1-4FDC-A99A-8ACE224E0811}.Debug|Any CPU.ActiveCfg = Debug|Any CPU
		{04985EB4-10A1-4FDC-A99A-8ACE224E0811}.Debug|Any CPU.Build.0 = Debug|Any CPU
		{04985EB4-10A1-4FDC-A99A-8ACE224E0811}.Release|Any CPU.ActiveCfg = Release|Any CPU
		{04985EB4-10A1-4FDC-A99A-8ACE224E0811}.Release|Any CPU.Build.0 = Release|Any CPU
		{AD78BEE3-BD36-4761-80DB-F2A01C7B1DD9}.Debug|Any CPU.ActiveCfg = Debug|Any CPU
		{AD78BEE3-BD36-4761-80DB-F2A01C7B1DD9}.Debug|Any CPU.Build.0 = Debug|Any CPU
		{AD78BEE3-BD36-4761-80DB-F2A01C7B1DD9}.Release|Any CPU.ActiveCfg = Release|Any CPU
		{AD78BEE3-BD36-4761-80DB-F2A01C7B1DD9}.Release|Any CPU.Build.0 = Release|Any CPU
		{91004914-4D92-4029-BDB5-6B90E7BCED18}.Debug|Any CPU.ActiveCfg = Debug|Any CPU
		{91004914-4D92-4029-BDB5-6B90E7BCED18}.Debug|Any CPU.Build.0 = Debug|Any CPU
		{91004914-4D92-4029-BDB5-6B90E7BCED18}.Release|Any CPU.ActiveCfg = Release|Any CPU
		{91004914-4D92-4029-BDB5-6B90E7BCED18}.Release|Any CPU.Build.0 = Release|Any CPU
		{C762DA98-A4F8-4909-BCCC-E29C7C408784}.Debug|Any CPU.ActiveCfg = Debug|Any CPU
		{C762DA98-A4F8-4909-BCCC-E29C7C408784}.Debug|Any CPU.Build.0 = Debug|Any CPU
		{C762DA98-A4F8-4909-BCCC-E29C7C408784}.Release|Any CPU.ActiveCfg = Release|Any CPU
		{C762DA98-A4F8-4909-BCCC-E29C7C408784}.Release|Any CPU.Build.0 = Release|Any CPU
		{9EAC64F6-57AC-494C-A17E-A49EBD5DA78E}.Debug|Any CPU.ActiveCfg = Debug|Any CPU
		{9EAC64F6-57AC-494C-A17E-A49EBD5DA78E}.Debug|Any CPU.Build.0 = Debug|Any CPU
		{9EAC64F6-57AC-494C-A17E-A49EBD5DA78E}.Release|Any CPU.ActiveCfg = Release|Any CPU
		{9EAC64F6-57AC-494C-A17E-A49EBD5DA78E}.Release|Any CPU.Build.0 = Release|Any CPU
		{BCDFC99D-FFAC-4AAA-B103-63C39C1C402E}.Debug|Any CPU.ActiveCfg = Debug|Any CPU
		{BCDFC99D-FFAC-4AAA-B103-63C39C1C402E}.Debug|Any CPU.Build.0 = Debug|Any CPU
		{BCDFC99D-FFAC-4AAA-B103-63C39C1C402E}.Release|Any CPU.ActiveCfg = Release|Any CPU
		{BCDFC99D-FFAC-4AAA-B103-63C39C1C402E}.Release|Any CPU.Build.0 = Release|Any CPU
		{ECEAA542-1EFB-4E67-933B-649E8137F157}.Debug|Any CPU.ActiveCfg = Debug|Any CPU
		{ECEAA542-1EFB-4E67-933B-649E8137F157}.Debug|Any CPU.Build.0 = Debug|Any CPU
		{ECEAA542-1EFB-4E67-933B-649E8137F157}.Release|Any CPU.ActiveCfg = Release|Any CPU
		{ECEAA542-1EFB-4E67-933B-649E8137F157}.Release|Any CPU.Build.0 = Release|Any CPU
		{08598428-880E-4AD5-BB3F-0D5A04D40F8E}.Debug|Any CPU.ActiveCfg = Debug|Any CPU
		{08598428-880E-4AD5-BB3F-0D5A04D40F8E}.Debug|Any CPU.Build.0 = Debug|Any CPU
		{08598428-880E-4AD5-BB3F-0D5A04D40F8E}.Release|Any CPU.ActiveCfg = Release|Any CPU
		{08598428-880E-4AD5-BB3F-0D5A04D40F8E}.Release|Any CPU.Build.0 = Release|Any CPU
		{984840C5-1C5E-4F9D-9F4E-4A2E8FE332FF}.Debug|Any CPU.ActiveCfg = Debug|Any CPU
		{984840C5-1C5E-4F9D-9F4E-4A2E8FE332FF}.Debug|Any CPU.Build.0 = Debug|Any CPU
		{984840C5-1C5E-4F9D-9F4E-4A2E8FE332FF}.Release|Any CPU.ActiveCfg = Release|Any CPU
		{984840C5-1C5E-4F9D-9F4E-4A2E8FE332FF}.Release|Any CPU.Build.0 = Release|Any CPU
		{4718F3DF-EB52-4F69-90D0-25357558D07E}.Debug|Any CPU.ActiveCfg = Debug|Any CPU
		{4718F3DF-EB52-4F69-90D0-25357558D07E}.Debug|Any CPU.Build.0 = Debug|Any CPU
		{4718F3DF-EB52-4F69-90D0-25357558D07E}.Release|Any CPU.ActiveCfg = Release|Any CPU
		{4718F3DF-EB52-4F69-90D0-25357558D07E}.Release|Any CPU.Build.0 = Release|Any CPU
		{0379CA27-7C05-403C-BB49-71804A8535E1}.Debug|Any CPU.ActiveCfg = Debug|Any CPU
		{0379CA27-7C05-403C-BB49-71804A8535E1}.Debug|Any CPU.Build.0 = Debug|Any CPU
		{0379CA27-7C05-403C-BB49-71804A8535E1}.Release|Any CPU.ActiveCfg = Release|Any CPU
		{0379CA27-7C05-403C-BB49-71804A8535E1}.Release|Any CPU.Build.0 = Release|Any CPU
		{8448C6B4-3E0E-4071-B952-A43683C9CAF5}.Debug|Any CPU.ActiveCfg = Debug|Any CPU
		{8448C6B4-3E0E-4071-B952-A43683C9CAF5}.Debug|Any CPU.Build.0 = Debug|Any CPU
		{8448C6B4-3E0E-4071-B952-A43683C9CAF5}.Release|Any CPU.ActiveCfg = Release|Any CPU
		{8448C6B4-3E0E-4071-B952-A43683C9CAF5}.Release|Any CPU.Build.0 = Release|Any CPU
		{32FF3BE8-A992-4C29-B506-9DBB29A9F673}.Debug|Any CPU.ActiveCfg = Debug|Any CPU
		{32FF3BE8-A992-4C29-B506-9DBB29A9F673}.Debug|Any CPU.Build.0 = Debug|Any CPU
		{32FF3BE8-A992-4C29-B506-9DBB29A9F673}.Release|Any CPU.ActiveCfg = Release|Any CPU
		{32FF3BE8-A992-4C29-B506-9DBB29A9F673}.Release|Any CPU.Build.0 = Release|Any CPU
		{042EB28D-1AA1-4CB7-9344-BA62C9CC4CAC}.Debug|Any CPU.ActiveCfg = Debug|Any CPU
		{042EB28D-1AA1-4CB7-9344-BA62C9CC4CAC}.Debug|Any CPU.Build.0 = Debug|Any CPU
		{042EB28D-1AA1-4CB7-9344-BA62C9CC4CAC}.Release|Any CPU.ActiveCfg = Release|Any CPU
		{042EB28D-1AA1-4CB7-9344-BA62C9CC4CAC}.Release|Any CPU.Build.0 = Release|Any CPU
		{BC1224FE-4D38-4D58-A4C2-EF3CC9824B16}.Debug|Any CPU.ActiveCfg = Debug|Any CPU
		{BC1224FE-4D38-4D58-A4C2-EF3CC9824B16}.Debug|Any CPU.Build.0 = Debug|Any CPU
		{BC1224FE-4D38-4D58-A4C2-EF3CC9824B16}.Release|Any CPU.ActiveCfg = Release|Any CPU
		{BC1224FE-4D38-4D58-A4C2-EF3CC9824B16}.Release|Any CPU.Build.0 = Release|Any CPU
	EndGlobalSection
	GlobalSection(SolutionProperties) = preSolution
		HideSolutionNode = FALSE
	EndGlobalSection
	GlobalSection(NestedProjects) = preSolution
		{EFB9DE98-C5AA-45E0-BBBB-D638151D8FD9} = {DD2BA327-9AFC-491D-B10E-99C5537FE14C}
		{E6C802DE-22DE-466A-89D9-429BA4AD77BA} = {EFB9DE98-C5AA-45E0-BBBB-D638151D8FD9}
		{340D00B2-0119-4291-9305-E3C4CA3EF6D6} = {EFB9DE98-C5AA-45E0-BBBB-D638151D8FD9}
		{25FA4E72-E138-4243-A926-40F0ED931F9D} = {EFB9DE98-C5AA-45E0-BBBB-D638151D8FD9}
		{5A68A2AD-08A4-4B92-9521-7888952FCCDC} = {A5D87826-EE3E-4EEB-9EA5-B02C811D0593}
		{887A52D8-D8D7-439D-88BD-9DDC5F7DEFFF} = {698E12A2-009F-445B-AA2A-2F5137A40A97}
		{4739DDF2-F61A-4050-830C-251361192DBF} = {698E12A2-009F-445B-AA2A-2F5137A40A97}
		{6F4CCE03-B551-4323-8CCD-F96F39A4786E} = {EFB9DE98-C5AA-45E0-BBBB-D638151D8FD9}
		{CA214BEE-D57F-4DF7-B0F6-8B0DDC85BA72} = {6F4CCE03-B551-4323-8CCD-F96F39A4786E}
		{9EEC8654-74AF-4478-B0F8-A4D420BA6973} = {DD2BA327-9AFC-491D-B10E-99C5537FE14C}
		{79668CC0-CF38-4AAC-8DD3-70D79B8569C4} = {9EEC8654-74AF-4478-B0F8-A4D420BA6973}
		{A7212161-4683-4619-9D5A-9C2A6C83C8FC} = {9EEC8654-74AF-4478-B0F8-A4D420BA6973}
		{04985EB4-10A1-4FDC-A99A-8ACE224E0811} = {9EEC8654-74AF-4478-B0F8-A4D420BA6973}
		{717EF7AF-E1D4-41DF-B4F0-B514DFF90EF1} = {9EEC8654-74AF-4478-B0F8-A4D420BA6973}
		{AD78BEE3-BD36-4761-80DB-F2A01C7B1DD9} = {717EF7AF-E1D4-41DF-B4F0-B514DFF90EF1}
		{91004914-4D92-4029-BDB5-6B90E7BCED18} = {6F4CCE03-B551-4323-8CCD-F96F39A4786E}
		{91358B8E-A7ED-4D17-8745-ED8E815AE583} = {DD2BA327-9AFC-491D-B10E-99C5537FE14C}
		{C762DA98-A4F8-4909-BCCC-E29C7C408784} = {91358B8E-A7ED-4D17-8745-ED8E815AE583}
		{9EAC64F6-57AC-494C-A17E-A49EBD5DA78E} = {91358B8E-A7ED-4D17-8745-ED8E815AE583}
		{BCDFC99D-FFAC-4AAA-B103-63C39C1C402E} = {91358B8E-A7ED-4D17-8745-ED8E815AE583}
		{7482FC07-CF9B-4C0C-9920-0059B919600D} = {91358B8E-A7ED-4D17-8745-ED8E815AE583}
		{ECEAA542-1EFB-4E67-933B-649E8137F157} = {7482FC07-CF9B-4C0C-9920-0059B919600D}
		{4625B783-FB34-4CFC-98DA-B1E73DCE7275} = {DD2BA327-9AFC-491D-B10E-99C5537FE14C}
		{08598428-880E-4AD5-BB3F-0D5A04D40F8E} = {4625B783-FB34-4CFC-98DA-B1E73DCE7275}
		{984840C5-1C5E-4F9D-9F4E-4A2E8FE332FF} = {4625B783-FB34-4CFC-98DA-B1E73DCE7275}
		{4718F3DF-EB52-4F69-90D0-25357558D07E} = {4625B783-FB34-4CFC-98DA-B1E73DCE7275}
		{91929484-380F-4A41-B905-87D3BD0CA692} = {4625B783-FB34-4CFC-98DA-B1E73DCE7275}
		{0379CA27-7C05-403C-BB49-71804A8535E1} = {7482FC07-CF9B-4C0C-9920-0059B919600D}
		{8448C6B4-3E0E-4071-B952-A43683C9CAF5} = {717EF7AF-E1D4-41DF-B4F0-B514DFF90EF1}
		{32FF3BE8-A992-4C29-B506-9DBB29A9F673} = {6F4CCE03-B551-4323-8CCD-F96F39A4786E}
		{042EB28D-1AA1-4CB7-9344-BA62C9CC4CAC} = {91929484-380F-4A41-B905-87D3BD0CA692}
		{BC1224FE-4D38-4D58-A4C2-EF3CC9824B16} = {91929484-380F-4A41-B905-87D3BD0CA692}
	EndGlobalSection
	GlobalSection(ExtensibilityGlobals) = postSolution
		SolutionGuid = {0012300B-8463-4C30-B4DC-256453C563F0}
	EndGlobalSection
EndGlobal
